Microsoft Visual Studio Solution File, Format Version 8.00
Project("{8BC9CEB8-8B4A-11D0-8D11-00A0C91BC942}") = "type_traits_unittest", "vsprojects\type_traits_unittest\type_traits_unittest.vcproj", "{008CCFED-7D7B-46F8-8E13-03837A2258B3}"
	ProjectSection(ProjectDependencies) = postProject
	EndProjectSection
EndProject
Project("{8BC9CEB8-8B4A-11D0-8D11-00A0C91BC942}") = "sparsetable_unittest", "vsprojects\sparsetable_unittest\sparsetable_unittest.vcproj", "{E420867B-8BFA-4739-99EC-E008AB762FF9}"
	ProjectSection(ProjectDependencies) = postProject
	EndProjectSection
EndProject
Project("{8BC9CEB8-8B4A-11D0-8D11-00A0C91BC942}") = "hashtable_unittest", "vsprojects\hashtable_unittest\hashtable_unittest.vcproj", "{FCDB3718-F01C-4DE4-B9F5-E10F2C5C0535}"
	ProjectSection(ProjectDependencies) = postProject
	EndProjectSection
EndProject
Project("{8BC9CEB8-8B4A-11D0-8D11-00A0C91BC942}") = "time_hash_map", "vsprojects\time_hash_map\time_hash_map.vcproj", "{A74E5DB8-5295-487A-AB1D-23859F536F45}"
	ProjectSection(ProjectDependencies) = postProject
	EndProjectSection
EndProject
Global
	GlobalSection(SolutionConfiguration) = preSolution
		Debug = Debug
		Release = Release
	EndGlobalSection
	GlobalSection(ProjectDependencies) = postSolution
	EndGlobalSection
	GlobalSection(ProjectConfiguration) = postSolution
		{008CCFED-7D7B-46F8-8E13-03837A2258B3}.Debug.ActiveCfg = Debug|Win32
		{008CCFED-7D7B-46F8-8E13-03837A2258B3}.Debug.Build.0 = Debug|Win32
		{008CCFED-7D7B-46F8-8E13-03837A2258B3}.Release.ActiveCfg = Release|Win32
		{008CCFED-7D7B-46F8-8E13-03837A2258B3}.Release.Build.0 = Release|Win32
		{E420867B-8BFA-4739-99EC-E008AB762FF9}.Debug.ActiveCfg = Debug|Win32
		{E420867B-8BFA-4739-99EC-E008AB762FF9}.Debug.Build.0 = Debug|Win32
		{E420867B-8BFA-4739-99EC-E008AB762FF9}.Release.ActiveCfg = Release|Win32
		{E420867B-8BFA-4739-99EC-E008AB762FF9}.Release.Build.0 = Release|Win32
		{FCDB3718-F01C-4DE4-B9F5-E10F2C5C0535}.Debug.ActiveCfg = Debug|Win32
		{FCDB3718-F01C-4DE4-B9F5-E10F2C5C0535}.Debug.Build.0 = Debug|Win32
		{FCDB3718-F01C-4DE4-B9F5-E10F2C5C0535}.Release.ActiveCfg = Release|Win32
		{FCDB3718-F01C-4DE4-B9F5-E10F2C5C0535}.Release.Build.0 = Release|Win32
		{A74E5DB8-5295-487A-AB1D-23859F536F45}.Debug.ActiveCfg = Debug|Win32
		{A74E5DB8-5295-487A-AB1D-23859F536F45}.Debug.Build.0 = Debug|Win32
		{A74E5DB8-5295-487A-AB1D-23859F536F45}.Release.ActiveCfg = Release|Win32
		{A74E5DB8-5295-487A-AB1D-23859F536F45}.Release.Build.0 = Release|Win32
	EndGlobalSection
	GlobalSection(ExtensibilityGlobals) = postSolution
	EndGlobalSection
	GlobalSection(ExtensibilityAddIns) = postSolution
	EndGlobalSection
EndGlobal
